
Microsoft Visual Studio Solution File, Format Version 12.00
# Visual Studio Version 17
VisualStudioVersion = 17.10.34818.151
MinimumVisualStudioVersion = 10.0.40219.1
Project("{9A19103F-16F7-4668-BE54-9A1E7A4F7556}") = "CandyKeeper.Domain", "CandyKeeper.Domain\CandyKeeper.Domain.csproj", "{045860E1-C328-4AE8-90D5-D2D87B50F911}"
EndProject
Project("{9A19103F-16F7-4668-BE54-9A1E7A4F7556}") = "CandyKeeper.DAL", "CandyKeeper.DAL\CandyKeeper.DAL.csproj", "{210C5F36-3F2E-4E6A-9E11-9D676FCCEEEC}"
EndProject
Project("{9A19103F-16F7-4668-BE54-9A1E7A4F7556}") = "CandyKeeper.Application", "CandyKeeper.Application\CandyKeeper.Application.csproj", "{48A1CFC7-7056-44D4-97FF-AD4938C75D7F}"
EndProject
Project("{9A19103F-16F7-4668-BE54-9A1E7A4F7556}") = "CandyKeeper.Presentation", "CandyKeeper.Presentaion\CandyKeeper.Presentation.csproj", "{609AE75F-DB36-42D5-80B5-00043FEE5EA2}"
EndProject
Project("{2150E333-8FDC-42A3-9474-1A3956D46DE8}") = "Generator", "Generator", "{CC7DA3D5-CF79-4037-9C3C-3B029E1ED009}"
EndProject
Project("{9A19103F-16F7-4668-BE54-9A1E7A4F7556}") = "Generator", "Generator\Generator.csproj", "{D3BB5EDF-A0A5-4923-A191-914617698129}"
EndProject
Project("{2150E333-8FDC-42A3-9474-1A3956D46DE8}") = "Tests", "Tests", "{A8A9EC75-94CA-41FF-B732-AE24C860F4C1}"
EndProject
Project("{9A19103F-16F7-4668-BE54-9A1E7A4F7556}") = "WPFTests", "WPFTests\WPFTests.csproj", "{49E38D1E-5E23-49F6-B90C-E366D7D448FC}"
EndProject
Project("{9A19103F-16F7-4668-BE54-9A1E7A4F7556}") = "CandyKeeper.DAL.Tests", "TestProject1\CandyKeeper.DAL.Tests.csproj", "{11846BF7-3848-44C8-AEF8-AEE497886E33}"
EndProject
Global
	GlobalSection(SolutionConfigurationPlatforms) = preSolution
		Debug|Any CPU = Debug|Any CPU
		Release|Any CPU = Release|Any CPU
	EndGlobalSection
	GlobalSection(ProjectConfigurationPlatforms) = postSolution
		{045860E1-C328-4AE8-90D5-D2D87B50F911}.Debug|Any CPU.ActiveCfg = Debug|Any CPU
		{045860E1-C328-4AE8-90D5-D2D87B50F911}.Debug|Any CPU.Build.0 = Debug|Any CPU
		{045860E1-C328-4AE8-90D5-D2D87B50F911}.Release|Any CPU.ActiveCfg = Release|Any CPU
		{045860E1-C328-4AE8-90D5-D2D87B50F911}.Release|Any CPU.Build.0 = Release|Any CPU
		{210C5F36-3F2E-4E6A-9E11-9D676FCCEEEC}.Debug|Any CPU.ActiveCfg = Debug|Any CPU
		{210C5F36-3F2E-4E6A-9E11-9D676FCCEEEC}.Debug|Any CPU.Build.0 = Debug|Any CPU
		{210C5F36-3F2E-4E6A-9E11-9D676FCCEEEC}.Release|Any CPU.ActiveCfg = Release|Any CPU
		{210C5F36-3F2E-4E6A-9E11-9D676FCCEEEC}.Release|Any CPU.Build.0 = Release|Any CPU
		{48A1CFC7-7056-44D4-97FF-AD4938C75D7F}.Debug|Any CPU.ActiveCfg = Debug|Any CPU
		{48A1CFC7-7056-44D4-97FF-AD4938C75D7F}.Debug|Any CPU.Build.0 = Debug|Any CPU
		{48A1CFC7-7056-44D4-97FF-AD4938C75D7F}.Release|Any CPU.ActiveCfg = Release|Any CPU
		{48A1CFC7-7056-44D4-97FF-AD4938C75D7F}.Release|Any CPU.Build.0 = Release|Any CPU
		{609AE75F-DB36-42D5-80B5-00043FEE5EA2}.Debug|Any CPU.ActiveCfg = Debug|Any CPU
		{609AE75F-DB36-42D5-80B5-00043FEE5EA2}.Debug|Any CPU.Build.0 = Debug|Any CPU
		{609AE75F-DB36-42D5-80B5-00043FEE5EA2}.Release|Any CPU.ActiveCfg = Release|Any CPU
		{609AE75F-DB36-42D5-80B5-00043FEE5EA2}.Release|Any CPU.Build.0 = Release|Any CPU
		{D3BB5EDF-A0A5-4923-A191-914617698129}.Debug|Any CPU.ActiveCfg = Debug|Any CPU
		{D3BB5EDF-A0A5-4923-A191-914617698129}.Debug|Any CPU.Build.0 = Debug|Any CPU
		{D3BB5EDF-A0A5-4923-A191-914617698129}.Release|Any CPU.ActiveCfg = Release|Any CPU
		{D3BB5EDF-A0A5-4923-A191-914617698129}.Release|Any CPU.Build.0 = Release|Any CPU
		{49E38D1E-5E23-49F6-B90C-E366D7D448FC}.Debug|Any CPU.ActiveCfg = Debug|Any CPU
		{49E38D1E-5E23-49F6-B90C-E366D7D448FC}.Debug|Any CPU.Build.0 = Debug|Any CPU
		{49E38D1E-5E23-49F6-B90C-E366D7D448FC}.Release|Any CPU.ActiveCfg = Release|Any CPU
		{49E38D1E-5E23-49F6-B90C-E366D7D448FC}.Release|Any CPU.Build.0 = Release|Any CPU
		{11846BF7-3848-44C8-AEF8-AEE497886E33}.Debug|Any CPU.ActiveCfg = Debug|Any CPU
		{11846BF7-3848-44C8-AEF8-AEE497886E33}.Debug|Any CPU.Build.0 = Debug|Any CPU
		{11846BF7-3848-44C8-AEF8-AEE497886E33}.Release|Any CPU.ActiveCfg = Release|Any CPU
		{11846BF7-3848-44C8-AEF8-AEE497886E33}.Release|Any CPU.Build.0 = Release|Any CPU
	EndGlobalSection
	GlobalSection(SolutionProperties) = preSolution
		HideSolutionNode = FALSE
	EndGlobalSection
	GlobalSection(NestedProjects) = preSolution
		{D3BB5EDF-A0A5-4923-A191-914617698129} = {CC7DA3D5-CF79-4037-9C3C-3B029E1ED009}
		{49E38D1E-5E23-49F6-B90C-E366D7D448FC} = {A8A9EC75-94CA-41FF-B732-AE24C860F4C1}
		{11846BF7-3848-44C8-AEF8-AEE497886E33} = {A8A9EC75-94CA-41FF-B732-AE24C860F4C1}
	EndGlobalSection
	GlobalSection(ExtensibilityGlobals) = postSolution
		SolutionGuid = {E80C3953-EB47-4545-A878-D0337ACAE7B9}
	EndGlobalSection
EndGlobal
